<?xml version="1.0" encoding="utf-8"?>
<Project ToolsVersion="4.0" xmlns="http://schemas.microsoft.com/developer/msbuild/2003">
  <ItemGroup>
    <Filter Include="Source Files">
      <UniqueIdentifier>{4FC737F1-C7A5-4376-A066-2A32D752A2FF}</UniqueIdentifier>
      <Extensions>cpp;c;cc;cxx;def;odl;idl;hpj;bat;asm;asmx</Extensions>
    </Filter>
    <Filter Include="Header Files">
      <UniqueIdentifier>{93995380-89BD-4b04-88EB-625FBE52EBFB}</UniqueIdentifier>
      <Extensions>h;hpp;hxx;hm;inl;inc;xsd</Extensions>
    </Filter>
    <Filter Include="Resource Files">
      <UniqueIdentifier>{67DA6AB6-F800-4c08-8B7A-83BB121AAD01}</UniqueIdentifier>
      <Extensions>rc;ico;cur;bmp;dlg;rc2;rct;bin;rgs;gif;jpg;jpeg;jpe;resx;tiff;tif;png;wav;mfcribbon-ms</Extensions>
    </Filter>
  </ItemGroup>
  <ItemGroup>
    <ClInclude Include="ADC.h">
      <Filter>Header Files</Filter>
    </ClInclude>
    <ClInclude Include="BlinkM.h">
      <Filter>Header Files</Filter>
    </ClInclude>
    <ClInclude Include="BV4113.h">
      <Filter>Header Files</Filter>
    </ClInclude>
    <ClInclude Include="BV4615.h">
      <Filter>Header Files</Filter>
    </ClInclude>
    <ClInclude Include="CompassDirection.h">
      <Filter>Header Files</Filter>
    </ClInclude>
    <ClInclude Include="Configuration.h">
      <Filter>Header Files</Filter>
    </ClInclude>
    <ClInclude Include="Digital.h">
      <Filter>Header Files</Filter>
    </ClInclude>
    <ClInclude Include="EZB.h">
      <Filter>Header Files</Filter>
    </ClInclude>
    <ClInclude Include="HC_SR04.h">
      <Filter>Header Files</Filter>
    </ClInclude>
    <ClInclude Include="I2C.h">
      <Filter>Header Files</Filter>
    </ClInclude>
    <ClInclude Include="Movement.h">
      <Filter>Header Files</Filter>
    </ClInclude>
    <ClInclude Include="MP3Trigger.h">
      <Filter>Header Files</Filter>
    </ClInclude>
    <ClInclude Include="PWM.h">
      <Filter>Header Files</Filter>
    </ClInclude>
    <ClInclude Include="Servo.h">
      <Filter>Header Files</Filter>
    </ClInclude>
    <ClInclude Include="SureDualAxisCompass.h">
      <Filter>Header Files</Filter>
    </ClInclude>
    <ClInclude Include="Tone.h">
      <Filter>Header Files</Filter>
    </ClInclude>
    <ClInclude Include="Uart.h">
      <Filter>Header Files</Filter>
    </ClInclude>
    <ClInclude Include="version.h">
      <Filter>Header Files</Filter>
    </ClInclude>
    <ClInclude Include="windows_ports.h">
      <Filter>Header Files</Filter>
    </ClInclude>
  </ItemGroup>
  <ItemGroup>
    <ClCompile Include="ADC.cpp">
      <Filter>Source Files</Filter>
    </ClCompile>
    <ClCompile Include="BlinkM.cpp">
      <Filter>Source Files</Filter>
    </ClCompile>
    <ClCompile Include="BV4113.cpp">
      <Filter>Source Files</Filter>
    </ClCompile>
    <ClCompile Include="BV4615.cpp">
      <Filter>Source Files</Filter>
    </ClCompile>
    <ClCompile Include="CompassDirection.cpp">
      <Filter>Source Files</Filter>
    </ClCompile>
    <ClCompile Include="Configuration.cpp">
      <Filter>Source Files</Filter>
    </ClCompile>
    <ClCompile Include="Digital.cpp">
      <Filter>Source Files</Filter>
    </ClCompile>
    <ClCompile Include="EZB.cpp">
      <Filter>Source Files</Filter>
    </ClCompile>
    <ClCompile Include="HC_SR04.cpp">
      <Filter>Source Files</Filter>
    </ClCompile>
    <ClCompile Include="I2C.cpp">
      <Filter>Source Files</Filter>
    </ClCompile>
    <ClCompile Include="Movement.cpp">
      <Filter>Source Files</Filter>
    </ClCompile>
    <ClCompile Include="MP3Trigger.cpp">
      <Filter>Source Files</Filter>
    </ClCompile>
    <ClCompile Include="PWM.cpp">
      <Filter>Source Files</Filter>
    </ClCompile>
    <ClCompile Include="Servo.cpp">
      <Filter>Source Files</Filter>
    </ClCompile>
    <ClCompile Include="SureDualAxisCompass.cpp">
      <Filter>Source Files</Filter>
    </ClCompile>
    <ClCompile Include="Tone.cpp">
      <Filter>Source Files</Filter>
    </ClCompile>
    <ClCompile Include="Uart.cpp">
      <Filter>Source Files</Filter>
    </ClCompile>
    <ClCompile Include="windows_ports.cpp">
      <Filter>Source Files</Filter>
    </ClCompile>
  </ItemGroup>
  <ItemGroup>
    <ResourceCompile Include="ez-openbot.rc">
      <Filter>Resource Files</Filter>
    </ResourceCompile>
  </ItemGroup>
</Project>
